
Microsoft Visual Studio Solution File, Format Version 12.00
# Visual Studio Version 16
VisualStudioVersion = 16.0.29230.47
MinimumVisualStudioVersion = 10.0.40219.1
Project("{FAE04EC0-301F-11D3-BF4B-00C04F79EFBC}") = "FinalProject_JasonHuber", "FinalProject_JasonHuber\FinalProject_JasonHuber.csproj", "{87DC31CC-CB93-4190-ACC8-F67201CAF9D5}"
EndProject
Global
	GlobalSection(SolutionConfigurationPlatforms) = preSolution
		Debug|Any CPU = Debug|Any CPU
		Release|Any CPU = Release|Any CPU
	EndGlobalSection
	GlobalSection(ProjectConfigurationPlatforms) = postSolution
		{87DC31CC-CB93-4190-ACC8-F67201CAF9D5}.Debug|Any CPU.ActiveCfg = Debug|Any CPU
		{87DC31CC-CB93-4190-ACC8-F67201CAF9D5}.Debug|Any CPU.Build.0 = Debug|Any CPU
		{87DC31CC-CB93-4190-ACC8-F67201CAF9D5}.Release|Any CPU.ActiveCfg = Release|Any CPU
		{87DC31CC-CB93-4190-ACC8-F67201CAF9D5}.Release|Any CPU.Build.0 = Release|Any CPU
	EndGlobalSection
	GlobalSection(SolutionProperties) = preSolution
		HideSolutionNode = FALSE
	EndGlobalSection
	GlobalSection(ExtensibilityGlobals) = postSolution
		SolutionGuid = {EFF6433A-75A3-41AA-BA61-E99D654666CB}
	EndGlobalSection
EndGlobal
