
Microsoft Visual Studio Solution File, Format Version 12.00
# Visual Studio Version 16
VisualStudioVersion = 16.0.29230.47
MinimumVisualStudioVersion = 10.0.40219.1
Project("{FAE04EC0-301F-11D3-BF4B-00C04F79EFBC}") = "Lab2", "Lab2\Lab2.csproj", "{FBFDD397-F1F7-4FA0-BE76-C4EF8BD00144}"
EndProject
Global
	GlobalSection(SolutionConfigurationPlatforms) = preSolution
		Debug|Any CPU = Debug|Any CPU
		Release|Any CPU = Release|Any CPU
	EndGlobalSection
	GlobalSection(ProjectConfigurationPlatforms) = postSolution
		{FBFDD397-F1F7-4FA0-BE76-C4EF8BD00144}.Debug|Any CPU.ActiveCfg = Debug|Any CPU
		{FBFDD397-F1F7-4FA0-BE76-C4EF8BD00144}.Debug|Any CPU.Build.0 = Debug|Any CPU
		{FBFDD397-F1F7-4FA0-BE76-C4EF8BD00144}.Release|Any CPU.ActiveCfg = Release|Any CPU
		{FBFDD397-F1F7-4FA0-BE76-C4EF8BD00144}.Release|Any CPU.Build.0 = Release|Any CPU
	EndGlobalSection
	GlobalSection(SolutionProperties) = preSolution
		HideSolutionNode = FALSE
	EndGlobalSection
	GlobalSection(ExtensibilityGlobals) = postSolution
		SolutionGuid = {3E4F5571-28B6-44A2-BB3C-873F749A7C26}
	EndGlobalSection
EndGlobal
